
Microsoft Visual Studio Solution File, Format Version 12.00
# Visual Studio Version 16
VisualStudioVersion = 16.0.29020.237
MinimumVisualStudioVersion = 10.0.40219.1
Project("{9A19103F-16F7-4668-BE54-9A1E7A4F7556}") = "FREETIME.Domain", "src\FREETIME.Domain\FREETIME.Domain.csproj", "{554AD327-6DBA-4F8F-96F8-81CE7A0C863F}"
EndProject
Project("{9A19103F-16F7-4668-BE54-9A1E7A4F7556}") = "FREETIME.Application", "src\FREETIME.Application\FREETIME.Application.csproj", "{1A94A50E-06DC-43C1-80B5-B662820EC3EB}"
EndProject
Project("{9A19103F-16F7-4668-BE54-9A1E7A4F7556}") = "FREETIME.EntityFrameworkCore", "src\FREETIME.EntityFrameworkCore\FREETIME.EntityFrameworkCore.csproj", "{C956DD76-69C8-4A9C-83EA-D17DF83340FD}"
EndProject
Project("{2150E333-8FDC-42A3-9474-1A3956D46DE8}") = "src", "src", "{CA9AC87F-097E-4F15-8393-4BC07735A5B0}"
EndProject
Project("{2150E333-8FDC-42A3-9474-1A3956D46DE8}") = "test", "test", "{04DBDB01-70F4-4E06-B468-8F87850B22BE}"
EndProject
Project("{9A19103F-16F7-4668-BE54-9A1E7A4F7556}") = "FREETIME.Application.Tests", "test\FREETIME.Application.Tests\FREETIME.Application.Tests.csproj", "{50B2631D-129C-47B3-A587-029CCD6099BC}"
EndProject
Project("{9A19103F-16F7-4668-BE54-9A1E7A4F7556}") = "FREETIME.EntityFrameworkCore.DbMigrations", "src\FREETIME.EntityFrameworkCore.DbMigrations\FREETIME.EntityFrameworkCore.DbMigrations.csproj", "{0372FA84-C517-4EB3-9A9F-B9ACAC0CA5E0}"
EndProject
Project("{9A19103F-16F7-4668-BE54-9A1E7A4F7556}") = "FREETIME.Domain.Shared", "src\FREETIME.Domain.Shared\FREETIME.Domain.Shared.csproj", "{42F719ED-8413-4895-B5B4-5AB56079BC66}"
EndProject
Project("{9A19103F-16F7-4668-BE54-9A1E7A4F7556}") = "FREETIME.Application.Contracts", "src\FREETIME.Application.Contracts\FREETIME.Application.Contracts.csproj", "{520659C8-C734-4298-A3DA-B539DB9DFC0B}"
EndProject
Project("{9A19103F-16F7-4668-BE54-9A1E7A4F7556}") = "FREETIME.HttpApi", "src\FREETIME.HttpApi\FREETIME.HttpApi.csproj", "{4164BDF7-F527-4E85-9CE6-E3C2D7426A27}"
EndProject
Project("{9A19103F-16F7-4668-BE54-9A1E7A4F7556}") = "FREETIME.HttpApi.Client", "src\FREETIME.HttpApi.Client\FREETIME.HttpApi.Client.csproj", "{3B5A0094-670D-4BB1-BFDD-61B88A8773DC}"
EndProject
Project("{9A19103F-16F7-4668-BE54-9A1E7A4F7556}") = "FREETIME.EntityFrameworkCore.Tests", "test\FREETIME.EntityFrameworkCore.Tests\FREETIME.EntityFrameworkCore.Tests.csproj", "{1FE30EB9-74A9-47F5-A9F6-7B1FAB672D81}"
EndProject
Project("{9A19103F-16F7-4668-BE54-9A1E7A4F7556}") = "FREETIME.TestBase", "test\FREETIME.TestBase\FREETIME.TestBase.csproj", "{91853F21-9CD9-4132-BC29-A7D5D84FFFE7}"
EndProject
Project("{9A19103F-16F7-4668-BE54-9A1E7A4F7556}") = "FREETIME.Domain.Tests", "test\FREETIME.Domain.Tests\FREETIME.Domain.Tests.csproj", "{E512F4D9-9375-480F-A2F6-A46509F9D824}"
EndProject
Project("{9A19103F-16F7-4668-BE54-9A1E7A4F7556}") = "FREETIME.HttpApi.Client.ConsoleTestApp", "test\FREETIME.HttpApi.Client.ConsoleTestApp\FREETIME.HttpApi.Client.ConsoleTestApp.csproj", "{EF480016-9127-4916-8735-D2466BDBC582}"
EndProject
Project("{9A19103F-16F7-4668-BE54-9A1E7A4F7556}") = "FREETIME.DbMigrator", "src\FREETIME.DbMigrator\FREETIME.DbMigrator.csproj", "{AA94D832-1CCC-4715-95A9-A483F23A1A5D}"
EndProject
Project("{9A19103F-16F7-4668-BE54-9A1E7A4F7556}") = "FREETIME.HttpApi.Host", "src\FREETIME.HttpApi.Host\FREETIME.HttpApi.Host.csproj", "{748584B1-BA69-4F6A-81AA-F4BDE6BCE29D}"
EndProject
Project("{2150E333-8FDC-42A3-9474-1A3956D46DE8}") = "AbpDz", "AbpDz", "{605648AC-3406-46C7-BC6B-BF38C2745FCB}"
EndProject
Project("{FAE04EC0-301F-11D3-BF4B-00C04F79EFBC}") = "AbpDz.Application", "src\AbpDz\Applications\AbpDz.Application.csproj", "{E0C07E2E-9ED8-4267-B1A0-9A82C03A462E}"
EndProject
Project("{FAE04EC0-301F-11D3-BF4B-00C04F79EFBC}") = "AbpDz.Breeze", "src\AbpDz\Breeze\AbpDz.Breeze.csproj", "{B309C342-0457-47D9-B473-1E3F6455FD8B}"
EndProject
Project("{FAE04EC0-301F-11D3-BF4B-00C04F79EFBC}") = "AbpDz.Core", "src\AbpDz\Core\AbpDz.Core.csproj", "{74D529BF-BBB3-4CA1-805F-119BADC64A56}"
EndProject
Project("{FAE04EC0-301F-11D3-BF4B-00C04F79EFBC}") = "AbpDz.DevMode", "src\AbpDz\DevMode\AbpDz.DevMode.csproj", "{D6171B2E-DCB1-499A-A501-D407E9CA8A3B}"
EndProject
Project("{FAE04EC0-301F-11D3-BF4B-00C04F79EFBC}") = "AbpDz.Notifications", "src\AbpDz\Notifications\AbpDz.Notifications.csproj", "{45706DA1-7081-4801-9B1A-7ACD0F53D248}"
EndProject
Project("{FAE04EC0-301F-11D3-BF4B-00C04F79EFBC}") = "AbpDz.TaskManagement", "src\AbpDz\TaskManagement\AbpDz.TaskManagement.csproj", "{1825DFF2-693B-4C44-BD35-43A14CB7D737}"
EndProject
Project("{FAE04EC0-301F-11D3-BF4B-00C04F79EFBC}") = "AbpDz.IdentityServer", "src\AbpDz\IdentityServer\AbpDz.IdentityServer.csproj", "{54FCB610-53AC-4017-B609-D2AA1E4C3FF0}"
EndProject
Global
	GlobalSection(SolutionConfigurationPlatforms) = preSolution
		Debug|Any CPU = Debug|Any CPU
		Release|Any CPU = Release|Any CPU
	EndGlobalSection
	GlobalSection(ProjectConfigurationPlatforms) = postSolution
		{554AD327-6DBA-4F8F-96F8-81CE7A0C863F}.Debug|Any CPU.ActiveCfg = Debug|Any CPU
		{554AD327-6DBA-4F8F-96F8-81CE7A0C863F}.Debug|Any CPU.Build.0 = Debug|Any CPU
		{554AD327-6DBA-4F8F-96F8-81CE7A0C863F}.Release|Any CPU.ActiveCfg = Release|Any CPU
		{554AD327-6DBA-4F8F-96F8-81CE7A0C863F}.Release|Any CPU.Build.0 = Release|Any CPU
		{1A94A50E-06DC-43C1-80B5-B662820EC3EB}.Debug|Any CPU.ActiveCfg = Debug|Any CPU
		{1A94A50E-06DC-43C1-80B5-B662820EC3EB}.Debug|Any CPU.Build.0 = Debug|Any CPU
		{1A94A50E-06DC-43C1-80B5-B662820EC3EB}.Release|Any CPU.ActiveCfg = Release|Any CPU
		{1A94A50E-06DC-43C1-80B5-B662820EC3EB}.Release|Any CPU.Build.0 = Release|Any CPU
		{C956DD76-69C8-4A9C-83EA-D17DF83340FD}.Debug|Any CPU.ActiveCfg = Debug|Any CPU
		{C956DD76-69C8-4A9C-83EA-D17DF83340FD}.Debug|Any CPU.Build.0 = Debug|Any CPU
		{C956DD76-69C8-4A9C-83EA-D17DF83340FD}.Release|Any CPU.ActiveCfg = Release|Any CPU
		{C956DD76-69C8-4A9C-83EA-D17DF83340FD}.Release|Any CPU.Build.0 = Release|Any CPU
		{50B2631D-129C-47B3-A587-029CCD6099BC}.Debug|Any CPU.ActiveCfg = Debug|Any CPU
		{50B2631D-129C-47B3-A587-029CCD6099BC}.Debug|Any CPU.Build.0 = Debug|Any CPU
		{50B2631D-129C-47B3-A587-029CCD6099BC}.Release|Any CPU.ActiveCfg = Release|Any CPU
		{50B2631D-129C-47B3-A587-029CCD6099BC}.Release|Any CPU.Build.0 = Release|Any CPU
		{0372FA84-C517-4EB3-9A9F-B9ACAC0CA5E0}.Debug|Any CPU.ActiveCfg = Debug|Any CPU
		{0372FA84-C517-4EB3-9A9F-B9ACAC0CA5E0}.Debug|Any CPU.Build.0 = Debug|Any CPU
		{0372FA84-C517-4EB3-9A9F-B9ACAC0CA5E0}.Release|Any CPU.ActiveCfg = Release|Any CPU
		{0372FA84-C517-4EB3-9A9F-B9ACAC0CA5E0}.Release|Any CPU.Build.0 = Release|Any CPU
		{42F719ED-8413-4895-B5B4-5AB56079BC66}.Debug|Any CPU.ActiveCfg = Debug|Any CPU
		{42F719ED-8413-4895-B5B4-5AB56079BC66}.Debug|Any CPU.Build.0 = Debug|Any CPU
		{42F719ED-8413-4895-B5B4-5AB56079BC66}.Release|Any CPU.ActiveCfg = Release|Any CPU
		{42F719ED-8413-4895-B5B4-5AB56079BC66}.Release|Any CPU.Build.0 = Release|Any CPU
		{520659C8-C734-4298-A3DA-B539DB9DFC0B}.Debug|Any CPU.ActiveCfg = Debug|Any CPU
		{520659C8-C734-4298-A3DA-B539DB9DFC0B}.Debug|Any CPU.Build.0 = Debug|Any CPU
		{520659C8-C734-4298-A3DA-B539DB9DFC0B}.Release|Any CPU.ActiveCfg = Release|Any CPU
		{520659C8-C734-4298-A3DA-B539DB9DFC0B}.Release|Any CPU.Build.0 = Release|Any CPU
		{4164BDF7-F527-4E85-9CE6-E3C2D7426A27}.Debug|Any CPU.ActiveCfg = Debug|Any CPU
		{4164BDF7-F527-4E85-9CE6-E3C2D7426A27}.Debug|Any CPU.Build.0 = Debug|Any CPU
		{4164BDF7-F527-4E85-9CE6-E3C2D7426A27}.Release|Any CPU.ActiveCfg = Release|Any CPU
		{4164BDF7-F527-4E85-9CE6-E3C2D7426A27}.Release|Any CPU.Build.0 = Release|Any CPU
		{3B5A0094-670D-4BB1-BFDD-61B88A8773DC}.Debug|Any CPU.ActiveCfg = Debug|Any CPU
		{3B5A0094-670D-4BB1-BFDD-61B88A8773DC}.Debug|Any CPU.Build.0 = Debug|Any CPU
		{3B5A0094-670D-4BB1-BFDD-61B88A8773DC}.Release|Any CPU.ActiveCfg = Release|Any CPU
		{3B5A0094-670D-4BB1-BFDD-61B88A8773DC}.Release|Any CPU.Build.0 = Release|Any CPU
		{1FE30EB9-74A9-47F5-A9F6-7B1FAB672D81}.Debug|Any CPU.ActiveCfg = Debug|Any CPU
		{1FE30EB9-74A9-47F5-A9F6-7B1FAB672D81}.Debug|Any CPU.Build.0 = Debug|Any CPU
		{1FE30EB9-74A9-47F5-A9F6-7B1FAB672D81}.Release|Any CPU.ActiveCfg = Release|Any CPU
		{1FE30EB9-74A9-47F5-A9F6-7B1FAB672D81}.Release|Any CPU.Build.0 = Release|Any CPU
		{91853F21-9CD9-4132-BC29-A7D5D84FFFE7}.Debug|Any CPU.ActiveCfg = Debug|Any CPU
		{91853F21-9CD9-4132-BC29-A7D5D84FFFE7}.Debug|Any CPU.Build.0 = Debug|Any CPU
		{91853F21-9CD9-4132-BC29-A7D5D84FFFE7}.Release|Any CPU.ActiveCfg = Release|Any CPU
		{91853F21-9CD9-4132-BC29-A7D5D84FFFE7}.Release|Any CPU.Build.0 = Release|Any CPU
		{E512F4D9-9375-480F-A2F6-A46509F9D824}.Debug|Any CPU.ActiveCfg = Debug|Any CPU
		{E512F4D9-9375-480F-A2F6-A46509F9D824}.Debug|Any CPU.Build.0 = Debug|Any CPU
		{E512F4D9-9375-480F-A2F6-A46509F9D824}.Release|Any CPU.ActiveCfg = Release|Any CPU
		{E512F4D9-9375-480F-A2F6-A46509F9D824}.Release|Any CPU.Build.0 = Release|Any CPU
		{EF480016-9127-4916-8735-D2466BDBC582}.Debug|Any CPU.ActiveCfg = Debug|Any CPU
		{EF480016-9127-4916-8735-D2466BDBC582}.Debug|Any CPU.Build.0 = Debug|Any CPU
		{EF480016-9127-4916-8735-D2466BDBC582}.Release|Any CPU.ActiveCfg = Release|Any CPU
		{EF480016-9127-4916-8735-D2466BDBC582}.Release|Any CPU.Build.0 = Release|Any CPU
		{AA94D832-1CCC-4715-95A9-A483F23A1A5D}.Debug|Any CPU.ActiveCfg = Debug|Any CPU
		{AA94D832-1CCC-4715-95A9-A483F23A1A5D}.Debug|Any CPU.Build.0 = Debug|Any CPU
		{AA94D832-1CCC-4715-95A9-A483F23A1A5D}.Release|Any CPU.ActiveCfg = Release|Any CPU
		{AA94D832-1CCC-4715-95A9-A483F23A1A5D}.Release|Any CPU.Build.0 = Release|Any CPU
		{748584B1-BA69-4F6A-81AA-F4BDE6BCE29D}.Debug|Any CPU.ActiveCfg = Debug|Any CPU
		{748584B1-BA69-4F6A-81AA-F4BDE6BCE29D}.Debug|Any CPU.Build.0 = Debug|Any CPU
		{748584B1-BA69-4F6A-81AA-F4BDE6BCE29D}.Release|Any CPU.ActiveCfg = Release|Any CPU
		{748584B1-BA69-4F6A-81AA-F4BDE6BCE29D}.Release|Any CPU.Build.0 = Release|Any CPU
		{E0C07E2E-9ED8-4267-B1A0-9A82C03A462E}.Debug|Any CPU.ActiveCfg = Debug|Any CPU
		{E0C07E2E-9ED8-4267-B1A0-9A82C03A462E}.Debug|Any CPU.Build.0 = Debug|Any CPU
		{E0C07E2E-9ED8-4267-B1A0-9A82C03A462E}.Release|Any CPU.ActiveCfg = Release|Any CPU
		{E0C07E2E-9ED8-4267-B1A0-9A82C03A462E}.Release|Any CPU.Build.0 = Release|Any CPU
		{B309C342-0457-47D9-B473-1E3F6455FD8B}.Debug|Any CPU.ActiveCfg = Debug|Any CPU
		{B309C342-0457-47D9-B473-1E3F6455FD8B}.Debug|Any CPU.Build.0 = Debug|Any CPU
		{B309C342-0457-47D9-B473-1E3F6455FD8B}.Release|Any CPU.ActiveCfg = Release|Any CPU
		{B309C342-0457-47D9-B473-1E3F6455FD8B}.Release|Any CPU.Build.0 = Release|Any CPU
		{74D529BF-BBB3-4CA1-805F-119BADC64A56}.Debug|Any CPU.ActiveCfg = Debug|Any CPU
		{74D529BF-BBB3-4CA1-805F-119BADC64A56}.Debug|Any CPU.Build.0 = Debug|Any CPU
		{74D529BF-BBB3-4CA1-805F-119BADC64A56}.Release|Any CPU.ActiveCfg = Release|Any CPU
		{74D529BF-BBB3-4CA1-805F-119BADC64A56}.Release|Any CPU.Build.0 = Release|Any CPU
		{D6171B2E-DCB1-499A-A501-D407E9CA8A3B}.Debug|Any CPU.ActiveCfg = Debug|Any CPU
		{D6171B2E-DCB1-499A-A501-D407E9CA8A3B}.Debug|Any CPU.Build.0 = Debug|Any CPU
		{D6171B2E-DCB1-499A-A501-D407E9CA8A3B}.Release|Any CPU.ActiveCfg = Release|Any CPU
		{D6171B2E-DCB1-499A-A501-D407E9CA8A3B}.Release|Any CPU.Build.0 = Release|Any CPU
		{45706DA1-7081-4801-9B1A-7ACD0F53D248}.Debug|Any CPU.ActiveCfg = Debug|Any CPU
		{45706DA1-7081-4801-9B1A-7ACD0F53D248}.Debug|Any CPU.Build.0 = Debug|Any CPU
		{45706DA1-7081-4801-9B1A-7ACD0F53D248}.Release|Any CPU.ActiveCfg = Release|Any CPU
		{45706DA1-7081-4801-9B1A-7ACD0F53D248}.Release|Any CPU.Build.0 = Release|Any CPU
		{1825DFF2-693B-4C44-BD35-43A14CB7D737}.Debug|Any CPU.ActiveCfg = Debug|Any CPU
		{1825DFF2-693B-4C44-BD35-43A14CB7D737}.Debug|Any CPU.Build.0 = Debug|Any CPU
		{1825DFF2-693B-4C44-BD35-43A14CB7D737}.Release|Any CPU.ActiveCfg = Release|Any CPU
		{1825DFF2-693B-4C44-BD35-43A14CB7D737}.Release|Any CPU.Build.0 = Release|Any CPU
		{54FCB610-53AC-4017-B609-D2AA1E4C3FF0}.Debug|Any CPU.ActiveCfg = Debug|Any CPU
		{54FCB610-53AC-4017-B609-D2AA1E4C3FF0}.Debug|Any CPU.Build.0 = Debug|Any CPU
		{54FCB610-53AC-4017-B609-D2AA1E4C3FF0}.Release|Any CPU.ActiveCfg = Release|Any CPU
		{54FCB610-53AC-4017-B609-D2AA1E4C3FF0}.Release|Any CPU.Build.0 = Release|Any CPU
	EndGlobalSection
	GlobalSection(SolutionProperties) = preSolution
		HideSolutionNode = FALSE
	EndGlobalSection
	GlobalSection(NestedProjects) = preSolution
		{554AD327-6DBA-4F8F-96F8-81CE7A0C863F} = {CA9AC87F-097E-4F15-8393-4BC07735A5B0}
		{1A94A50E-06DC-43C1-80B5-B662820EC3EB} = {CA9AC87F-097E-4F15-8393-4BC07735A5B0}
		{C956DD76-69C8-4A9C-83EA-D17DF83340FD} = {CA9AC87F-097E-4F15-8393-4BC07735A5B0}
		{50B2631D-129C-47B3-A587-029CCD6099BC} = {04DBDB01-70F4-4E06-B468-8F87850B22BE}
		{0372FA84-C517-4EB3-9A9F-B9ACAC0CA5E0} = {CA9AC87F-097E-4F15-8393-4BC07735A5B0}
		{42F719ED-8413-4895-B5B4-5AB56079BC66} = {CA9AC87F-097E-4F15-8393-4BC07735A5B0}
		{520659C8-C734-4298-A3DA-B539DB9DFC0B} = {CA9AC87F-097E-4F15-8393-4BC07735A5B0}
		{4164BDF7-F527-4E85-9CE6-E3C2D7426A27} = {CA9AC87F-097E-4F15-8393-4BC07735A5B0}
		{3B5A0094-670D-4BB1-BFDD-61B88A8773DC} = {CA9AC87F-097E-4F15-8393-4BC07735A5B0}
		{1FE30EB9-74A9-47F5-A9F6-7B1FAB672D81} = {04DBDB01-70F4-4E06-B468-8F87850B22BE}
		{91853F21-9CD9-4132-BC29-A7D5D84FFFE7} = {04DBDB01-70F4-4E06-B468-8F87850B22BE}
		{E512F4D9-9375-480F-A2F6-A46509F9D824} = {04DBDB01-70F4-4E06-B468-8F87850B22BE}
		{EF480016-9127-4916-8735-D2466BDBC582} = {04DBDB01-70F4-4E06-B468-8F87850B22BE}
		{AA94D832-1CCC-4715-95A9-A483F23A1A5D} = {CA9AC87F-097E-4F15-8393-4BC07735A5B0}
		{748584B1-BA69-4F6A-81AA-F4BDE6BCE29D} = {CA9AC87F-097E-4F15-8393-4BC07735A5B0}
		{605648AC-3406-46C7-BC6B-BF38C2745FCB} = {CA9AC87F-097E-4F15-8393-4BC07735A5B0}
		{E0C07E2E-9ED8-4267-B1A0-9A82C03A462E} = {605648AC-3406-46C7-BC6B-BF38C2745FCB}
		{B309C342-0457-47D9-B473-1E3F6455FD8B} = {605648AC-3406-46C7-BC6B-BF38C2745FCB}
		{74D529BF-BBB3-4CA1-805F-119BADC64A56} = {605648AC-3406-46C7-BC6B-BF38C2745FCB}
		{D6171B2E-DCB1-499A-A501-D407E9CA8A3B} = {605648AC-3406-46C7-BC6B-BF38C2745FCB}
		{45706DA1-7081-4801-9B1A-7ACD0F53D248} = {605648AC-3406-46C7-BC6B-BF38C2745FCB}
		{1825DFF2-693B-4C44-BD35-43A14CB7D737} = {605648AC-3406-46C7-BC6B-BF38C2745FCB}
		{54FCB610-53AC-4017-B609-D2AA1E4C3FF0} = {605648AC-3406-46C7-BC6B-BF38C2745FCB}
	EndGlobalSection
	GlobalSection(ExtensibilityGlobals) = postSolution
		SolutionGuid = {28315BFD-90E7-4E14-A2EA-F3D23AF4126F}
	EndGlobalSection
EndGlobal
